{
  "version": 4,
  "terraform_version": "1.5.5",
  "serial": 60,
  "lineage": "903f3e85-565f-99a6-d452-b3eee8d62781",
  "outputs": {},
  "resources": [
    {
      "mode": "managed",
      "type": "lxd_network",
      "name": "new_default",
      "provider": "provider[\"registry.terraform.io/terraform-lxd/lxd\"]",
      "instances": [
        {
          "schema_version": 0,
          "attributes": {
            "config": {
              "ipv4.address": "240.235.0.1/24",
              "ipv4.nat": "true",
              "ipv6.address": "fd42:474b:622d:259d::1/64",
              "ipv6.nat": "true"
            },
            "description": "",
            "id": "lxdfan0",
            "managed": true,
            "name": "lxdfan0",
            "project": null,
            "remote": null,
            "target": null,
            "type": "bridge"
          },
          "sensitive_attributes": [],
          "private": "bnVsbA=="
        }
      ]
    },
    {
      "mode": "managed",
      "type": "lxd_profile",
      "name": "profile1",
      "provider": "provider[\"registry.terraform.io/terraform-lxd/lxd\"]",
      "instances": [
        {
          "schema_version": 0,
          "attributes": {
            "config": {},
            "description": "",
            "device": [
              {
                "name": "eth0",
                "properties": {
                  "nictype": "bridged",
                  "parent": "lxdfan0"
                },
                "type": "nic"
              },
              {
                "name": "root",
                "properties": {
                  "path": "/",
                  "pool": "local"
                },
                "type": "disk"
              }
            ],
            "id": "k8s",
            "name": "k8s",
            "project": null,
            "remote": null
          },
          "sensitive_attributes": [],
          "private": "bnVsbA==",
          "dependencies": [
            "lxd_network.new_default"
          ]
        }
      ]
    },
    {
      "mode": "managed",
      "type": "lxd_storage_pool",
      "name": "pool1",
      "provider": "provider[\"registry.terraform.io/terraform-lxd/lxd\"]",
      "instances": [
        {
          "schema_version": 0,
          "attributes": {
            "config": {},
            "driver": "dir",
            "id": "local",
            "name": "local",
            "project": null,
            "remote": null,
            "target": null
          },
          "sensitive_attributes": [],
          "private": "eyJzY2hlbWFfdmVyc2lvbiI6IjAifQ=="
        }
      ]
    },
    {
      "mode": "managed",
      "type": "lxd_volume",
      "name": "volume1",
      "provider": "provider[\"registry.terraform.io/terraform-lxd/lxd\"]",
      "instances": [
        {
          "schema_version": 0,
          "attributes": {
            "config": {},
            "content_type": "filesystem",
            "expanded_config": {
              "volatile.idmap.last": "[{\"Isuid\":true,\"Isgid\":false,\"Hostid\":1000000,\"Nsid\":0,\"Maprange\":1000000000},{\"Isuid\":false,\"Isgid\":true,\"Hostid\":1000000,\"Nsid\":0,\"Maprange\":1000000000}]",
              "volatile.idmap.next": "[{\"Isuid\":true,\"Isgid\":false,\"Hostid\":1000000,\"Nsid\":0,\"Maprange\":1000000000},{\"Isuid\":false,\"Isgid\":true,\"Hostid\":1000000,\"Nsid\":0,\"Maprange\":1000000000}]"
            },
            "id": "local/myvolume/custom",
            "location": "sajjad-ubuntu",
            "name": "myvolume",
            "pool": "local",
            "project": null,
            "remote": null,
            "target": null,
            "type": "custom"
          },
          "sensitive_attributes": [],
          "private": "bnVsbA==",
          "dependencies": [
            "lxd_storage_pool.pool1"
          ]
        }
      ]
    }
  ],
  "check_results": null
}
